PODS:
  - AFNetworking (2.6.3):
    - AFNetworking/NSURLConnection (= 2.6.3)
    - AFNetworking/NSURLSession (= 2.6.3)
    - AFNetworking/Reachability (= 2.6.3)
    - AFNetworking/Security (= 2.6.3)
    - AFNetworking/Serialization (= 2.6.3)
    - AFNetworking/UIKit (= 2.6.3)
  - AFNetworking/NSURLConnection (2.6.3):
    - AFNetworking/Reachability
    - AFNetworking/Security
    - AFNetworking/Serialization
  - AFNetworking/NSURLSession (2.6.3):
    - AFNetworking/Reachability
    - AFNetworking/Security
    - AFNetworking/Serialization
  - AFNetworking/Reachability (2.6.3)
  - AFNetworking/Security (2.6.3)
  - AFNetworking/Serialization (2.6.3)
  - AFNetworking/UIKit (2.6.3):
    - AFNetworking/NSURLConnection
    - AFNetworking/NSURLSession
  - AWSAuthCore (2.6.14):
    - AWSCore (= 2.6.14)
  - AWSAuthUI (2.6.14):
    - AWSAuthCore (= 2.6.14)
    - AWSCore (= 2.6.14)
  - AWSCognitoIdentityProvider (2.6.14):
    - AWSCognitoIdentityProviderASF (= 1.0.1)
    - AWSCore (= 2.6.14)
  - AWSCognitoIdentityProviderASF (1.0.1)
  - AWSCore (2.6.14)
  - AWSMobileClient (2.6.14):
    - AWSAuthCore (= 2.6.14)
  - AWSPinpoint (2.6.14):
    - AWSCore (= 2.6.14)
  - AWSUserPoolsSignIn (2.6.14):
    - AWSAuthCore (= 2.6.14)
    - AWSCognitoIdentityProvider (= 2.6.14)
  - BDBOAuth1Manager (1.6.0):
    - AFNetworking/NSURLConnection (~> 2.6.0)
    - AFNetworking/NSURLSession (~> 2.6.0)

DEPENDENCIES:
  - AFNetworking (~> 2.5)
  - AWSAuthUI (~> 2.6.13)
  - AWSMobileClient (~> 2.6.13)
  - AWSPinpoint (~> 2.6.13)
  - AWSUserPoolsSignIn (~> 2.6.13)
  - BDBOAuth1Manager

SPEC REPOS:
  https://github.com/CocoaPods/Specs.git:
    - AFNetworking
    - AWSAuthCore
    - AWSAuthUI
    - AWSCognitoIdentityProvider
    - AWSCognitoIdentityProviderASF
    - AWSCore
    - AWSMobileClient
    - AWSPinpoint
    - AWSUserPoolsSignIn
    - BDBOAuth1Manager

SPEC CHECKSUMS:
  AFNetworking: cb8d14a848e831097108418f5d49217339d4eb60
  AWSAuthCore: b13b0cb87abac6d44c52d8b965bbdb4cd0842017
  AWSAuthUI: 6c4b7eb77ff6f6f96a2a8661dc57cc840234dfbb
  AWSCognitoIdentityProvider: 5055dd6a04040582191b0f3a80723e67fc55eaf4
  AWSCognitoIdentityProviderASF: f94f1a502e72ef3d0a1de93e10bf7a79c8698118
  AWSCore: 8c883c2623d314dd82cca3809527784e1d1a02e5
  AWSMobileClient: 4467dd19e5e50d9a115b37e7be3ffb689c0b285c
  AWSPinpoint: d9367a440d40a3a0b3e371fe3c906249a7017a44
  AWSUserPoolsSignIn: 8c52ad458e6e6fbf385a41a6b5d35a99c707db37
  BDBOAuth1Manager: cd5a5872f355ca38180d52ca2dd844f0b0c84797

PODFILE CHECKSUM: d64efdd007584b710ad50a92a007ca96fdf6c682

COCOAPODS: 1.5.0
