PODS:
  - AWSAuthCore (2.6.16):
    - AWSCore (= 2.6.16)
  - AWSAuthUI (2.6.16):
    - AWSAuthCore (= 2.6.16)
    - AWSCore (= 2.6.16)
  - AWSCognitoIdentityProvider (2.6.16):
    - AWSCognitoIdentityProviderASF (= 1.0.1)
    - AWSCore (= 2.6.16)
  - AWSCognitoIdentityProviderASF (1.0.1)
  - AWSCore (2.6.16)
  - AWSDynamoDB (2.6.16):
    - AWSCore (= 2.6.16)
  - AWSMobileClient (2.6.16):
    - AWSAuthCore (= 2.6.16)
  - AWSPinpoint (2.6.16):
    - AWSCore (= 2.6.16)
  - AWSUserPoolsSignIn (2.6.16):
    - AWSAuthCore (= 2.6.16)
    - AWSCognitoIdentityProvider (= 2.6.16)
  - LocationPicker (1.1.0)

DEPENDENCIES:
  - AWSAuthUI (~> 2.6.13)
  - AWSDynamoDB (~> 2.6.5)
  - AWSMobileClient (~> 2.6.13)
  - AWSPinpoint (~> 2.6.13)
  - AWSUserPoolsSignIn (~> 2.6.13)
  - LocationPicker

SPEC CHECKSUMS:
  AWSAuthCore: d0f6fcbe8957c3dc5f67ce4ac198cc1f2696ee17
  AWSAuthUI: 0b44beb72d07305e135848a39e95db6f6e3913bc
  AWSCognitoIdentityProvider: d09869af8aafbf4b802000613056e2107e17fbac
  AWSCognitoIdentityProviderASF: f94f1a502e72ef3d0a1de93e10bf7a79c8698118
  AWSCore: 314df68684e338310409c6a3b050e28932deb6ff
  AWSDynamoDB: aa8b7cd8510080e22d9aa2a282077bb295fdb741
  AWSMobileClient: 04b2a1665c3535a47b60a44c9f28e5211139baf3
  AWSPinpoint: 28140b49212223ee446eef5762fe52fce1512781
  AWSUserPoolsSignIn: 6e4f8cad8193a565bc8896270a469316ca18c30d
  LocationPicker: 94dbd15ee053646d5c275d44b4dfce8634d66041

PODFILE CHECKSUM: 3ea3ec10856e38e013d767aaa768291f08eff46b

COCOAPODS: 1.4.0
